
Microsoft Visual Studio Solution File, Format Version 12.00
# Visual Studio 15
VisualStudioVersion = 15.0.28307.489
MinimumVisualStudioVersion = 10.0.40219.1
Project("{FAE04EC0-301F-11D3-BF4B-00C04F79EFBC}") = "Library.Data", "Library.Data\Library.Data.csproj", "{81F74510-7FCA-4AB5-BF61-C5FE318EB6E2}"
EndProject
Project("{FAE04EC0-301F-11D3-BF4B-00C04F79EFBC}") = "Library.DTO", "Library.DTO\Library.DTO.csproj", "{76D09C26-F7D4-4FA5-987F-FF24BE3EF23F}"
EndProject
Project("{FAE04EC0-301F-11D3-BF4B-00C04F79EFBC}") = "Library.Service", "Library.Service\Library.Service.csproj", "{08F84E22-62B9-46B9-9E71-439052DA560F}"
EndProject
Project("{FAE04EC0-301F-11D3-BF4B-00C04F79EFBC}") = "Library.UnitTest", "Library.UnitTest\Library.UnitTest.csproj", "{1610E571-9838-487F-9C4E-CC6A338B6EE2}"
EndProject
Project("{FAE04EC0-301F-11D3-BF4B-00C04F79EFBC}") = "Library.WinUI", "Library.WinUI\Library.WinUI.csproj", "{088D6916-1DF3-4CCC-89EA-449D0F184A06}"
EndProject
Global
	GlobalSection(SolutionConfigurationPlatforms) = preSolution
		Debug|Any CPU = Debug|Any CPU
		Release|Any CPU = Release|Any CPU
	EndGlobalSection
	GlobalSection(ProjectConfigurationPlatforms) = postSolution
		{81F74510-7FCA-4AB5-BF61-C5FE318EB6E2}.Debug|Any CPU.ActiveCfg = Debug|Any CPU
		{81F74510-7FCA-4AB5-BF61-C5FE318EB6E2}.Debug|Any CPU.Build.0 = Debug|Any CPU
		{81F74510-7FCA-4AB5-BF61-C5FE318EB6E2}.Release|Any CPU.ActiveCfg = Release|Any CPU
		{81F74510-7FCA-4AB5-BF61-C5FE318EB6E2}.Release|Any CPU.Build.0 = Release|Any CPU
		{76D09C26-F7D4-4FA5-987F-FF24BE3EF23F}.Debug|Any CPU.ActiveCfg = Debug|Any CPU
		{76D09C26-F7D4-4FA5-987F-FF24BE3EF23F}.Debug|Any CPU.Build.0 = Debug|Any CPU
		{76D09C26-F7D4-4FA5-987F-FF24BE3EF23F}.Release|Any CPU.ActiveCfg = Release|Any CPU
		{76D09C26-F7D4-4FA5-987F-FF24BE3EF23F}.Release|Any CPU.Build.0 = Release|Any CPU
		{08F84E22-62B9-46B9-9E71-439052DA560F}.Debug|Any CPU.ActiveCfg = Debug|Any CPU
		{08F84E22-62B9-46B9-9E71-439052DA560F}.Debug|Any CPU.Build.0 = Debug|Any CPU
		{08F84E22-62B9-46B9-9E71-439052DA560F}.Release|Any CPU.ActiveCfg = Release|Any CPU
		{08F84E22-62B9-46B9-9E71-439052DA560F}.Release|Any CPU.Build.0 = Release|Any CPU
		{1610E571-9838-487F-9C4E-CC6A338B6EE2}.Debug|Any CPU.ActiveCfg = Debug|Any CPU
		{1610E571-9838-487F-9C4E-CC6A338B6EE2}.Debug|Any CPU.Build.0 = Debug|Any CPU
		{1610E571-9838-487F-9C4E-CC6A338B6EE2}.Release|Any CPU.ActiveCfg = Release|Any CPU
		{1610E571-9838-487F-9C4E-CC6A338B6EE2}.Release|Any CPU.Build.0 = Release|Any CPU
		{088D6916-1DF3-4CCC-89EA-449D0F184A06}.Debug|Any CPU.ActiveCfg = Debug|Any CPU
		{088D6916-1DF3-4CCC-89EA-449D0F184A06}.Debug|Any CPU.Build.0 = Debug|Any CPU
		{088D6916-1DF3-4CCC-89EA-449D0F184A06}.Release|Any CPU.ActiveCfg = Release|Any CPU
		{088D6916-1DF3-4CCC-89EA-449D0F184A06}.Release|Any CPU.Build.0 = Release|Any CPU
	EndGlobalSection
	GlobalSection(SolutionProperties) = preSolution
		HideSolutionNode = FALSE
	EndGlobalSection
	GlobalSection(ExtensibilityGlobals) = postSolution
		SolutionGuid = {6AE51533-DFEF-4C98-8349-A12785C17237}
	EndGlobalSection
EndGlobal
